
Microsoft Visual Studio Solution File, Format Version 12.00
# Visual Studio 15
VisualStudioVersion = 15.0.26124.0
MinimumVisualStudioVersion = 15.0.26124.0
Project("{FAE04EC0-301F-11D3-BF4B-00C04F79EFBC}") = "Domain", "Domain\Domain.csproj", "{123D3D7B-C3B3-4733-982E-2CD7AEC815E8}"
EndProject
Project("{FAE04EC0-301F-11D3-BF4B-00C04F79EFBC}") = "Application", "Application\Application.csproj", "{CC4BAF74-F3DA-462D-8942-125B257D9A3D}"
EndProject
Project("{FAE04EC0-301F-11D3-BF4B-00C04F79EFBC}") = "Persistence", "Persistence\Persistence.csproj", "{CAF2B119-8028-4066-8C32-4FB8CE6E641E}"
EndProject
Project("{FAE04EC0-301F-11D3-BF4B-00C04F79EFBC}") = "API", "API\API.csproj", "{C252F609-EBE3-4FB7-8686-58BBD6B6D95F}"
EndProject
Global
	GlobalSection(SolutionConfigurationPlatforms) = preSolution
		Debug|Any CPU = Debug|Any CPU
		Debug|x64 = Debug|x64
		Debug|x86 = Debug|x86
		Release|Any CPU = Release|Any CPU
		Release|x64 = Release|x64
		Release|x86 = Release|x86
	EndGlobalSection
	GlobalSection(SolutionProperties) = preSolution
		HideSolutionNode = FALSE
	EndGlobalSection
	GlobalSection(ProjectConfigurationPlatforms) = postSolution
		{123D3D7B-C3B3-4733-982E-2CD7AEC815E8}.Debug|Any CPU.ActiveCfg = Debug|Any CPU
		{123D3D7B-C3B3-4733-982E-2CD7AEC815E8}.Debug|Any CPU.Build.0 = Debug|Any CPU
		{123D3D7B-C3B3-4733-982E-2CD7AEC815E8}.Debug|x64.ActiveCfg = Debug|Any CPU
		{123D3D7B-C3B3-4733-982E-2CD7AEC815E8}.Debug|x64.Build.0 = Debug|Any CPU
		{123D3D7B-C3B3-4733-982E-2CD7AEC815E8}.Debug|x86.ActiveCfg = Debug|Any CPU
		{123D3D7B-C3B3-4733-982E-2CD7AEC815E8}.Debug|x86.Build.0 = Debug|Any CPU
		{123D3D7B-C3B3-4733-982E-2CD7AEC815E8}.Release|Any CPU.ActiveCfg = Release|Any CPU
		{123D3D7B-C3B3-4733-982E-2CD7AEC815E8}.Release|Any CPU.Build.0 = Release|Any CPU
		{123D3D7B-C3B3-4733-982E-2CD7AEC815E8}.Release|x64.ActiveCfg = Release|Any CPU
		{123D3D7B-C3B3-4733-982E-2CD7AEC815E8}.Release|x64.Build.0 = Release|Any CPU
		{123D3D7B-C3B3-4733-982E-2CD7AEC815E8}.Release|x86.ActiveCfg = Release|Any CPU
		{123D3D7B-C3B3-4733-982E-2CD7AEC815E8}.Release|x86.Build.0 = Release|Any CPU
		{CC4BAF74-F3DA-462D-8942-125B257D9A3D}.Debug|Any CPU.ActiveCfg = Debug|Any CPU
		{CC4BAF74-F3DA-462D-8942-125B257D9A3D}.Debug|Any CPU.Build.0 = Debug|Any CPU
		{CC4BAF74-F3DA-462D-8942-125B257D9A3D}.Debug|x64.ActiveCfg = Debug|Any CPU
		{CC4BAF74-F3DA-462D-8942-125B257D9A3D}.Debug|x64.Build.0 = Debug|Any CPU
		{CC4BAF74-F3DA-462D-8942-125B257D9A3D}.Debug|x86.ActiveCfg = Debug|Any CPU
		{CC4BAF74-F3DA-462D-8942-125B257D9A3D}.Debug|x86.Build.0 = Debug|Any CPU
		{CC4BAF74-F3DA-462D-8942-125B257D9A3D}.Release|Any CPU.ActiveCfg = Release|Any CPU
		{CC4BAF74-F3DA-462D-8942-125B257D9A3D}.Release|Any CPU.Build.0 = Release|Any CPU
		{CC4BAF74-F3DA-462D-8942-125B257D9A3D}.Release|x64.ActiveCfg = Release|Any CPU
		{CC4BAF74-F3DA-462D-8942-125B257D9A3D}.Release|x64.Build.0 = Release|Any CPU
		{CC4BAF74-F3DA-462D-8942-125B257D9A3D}.Release|x86.ActiveCfg = Release|Any CPU
		{CC4BAF74-F3DA-462D-8942-125B257D9A3D}.Release|x86.Build.0 = Release|Any CPU
		{CAF2B119-8028-4066-8C32-4FB8CE6E641E}.Debug|Any CPU.ActiveCfg = Debug|Any CPU
		{CAF2B119-8028-4066-8C32-4FB8CE6E641E}.Debug|Any CPU.Build.0 = Debug|Any CPU
		{CAF2B119-8028-4066-8C32-4FB8CE6E641E}.Debug|x64.ActiveCfg = Debug|Any CPU
		{CAF2B119-8028-4066-8C32-4FB8CE6E641E}.Debug|x64.Build.0 = Debug|Any CPU
		{CAF2B119-8028-4066-8C32-4FB8CE6E641E}.Debug|x86.ActiveCfg = Debug|Any CPU
		{CAF2B119-8028-4066-8C32-4FB8CE6E641E}.Debug|x86.Build.0 = Debug|Any CPU
		{CAF2B119-8028-4066-8C32-4FB8CE6E641E}.Release|Any CPU.ActiveCfg = Release|Any CPU
		{CAF2B119-8028-4066-8C32-4FB8CE6E641E}.Release|Any CPU.Build.0 = Release|Any CPU
		{CAF2B119-8028-4066-8C32-4FB8CE6E641E}.Release|x64.ActiveCfg = Release|Any CPU
		{CAF2B119-8028-4066-8C32-4FB8CE6E641E}.Release|x64.Build.0 = Release|Any CPU
		{CAF2B119-8028-4066-8C32-4FB8CE6E641E}.Release|x86.ActiveCfg = Release|Any CPU
		{CAF2B119-8028-4066-8C32-4FB8CE6E641E}.Release|x86.Build.0 = Release|Any CPU
		{C252F609-EBE3-4FB7-8686-58BBD6B6D95F}.Debug|Any CPU.ActiveCfg = Debug|Any CPU
		{C252F609-EBE3-4FB7-8686-58BBD6B6D95F}.Debug|Any CPU.Build.0 = Debug|Any CPU
		{C252F609-EBE3-4FB7-8686-58BBD6B6D95F}.Debug|x64.ActiveCfg = Debug|Any CPU
		{C252F609-EBE3-4FB7-8686-58BBD6B6D95F}.Debug|x64.Build.0 = Debug|Any CPU
		{C252F609-EBE3-4FB7-8686-58BBD6B6D95F}.Debug|x86.ActiveCfg = Debug|Any CPU
		{C252F609-EBE3-4FB7-8686-58BBD6B6D95F}.Debug|x86.Build.0 = Debug|Any CPU
		{C252F609-EBE3-4FB7-8686-58BBD6B6D95F}.Release|Any CPU.ActiveCfg = Release|Any CPU
		{C252F609-EBE3-4FB7-8686-58BBD6B6D95F}.Release|Any CPU.Build.0 = Release|Any CPU
		{C252F609-EBE3-4FB7-8686-58BBD6B6D95F}.Release|x64.ActiveCfg = Release|Any CPU
		{C252F609-EBE3-4FB7-8686-58BBD6B6D95F}.Release|x64.Build.0 = Release|Any CPU
		{C252F609-EBE3-4FB7-8686-58BBD6B6D95F}.Release|x86.ActiveCfg = Release|Any CPU
		{C252F609-EBE3-4FB7-8686-58BBD6B6D95F}.Release|x86.Build.0 = Release|Any CPU
	EndGlobalSection
EndGlobal
